
Microsoft Visual Studio Solution File, Format Version 12.00
# Visual Studio 15
VisualStudioVersion = 15.0.28307.106
MinimumVisualStudioVersion = 10.0.40219.1
Project("{FAE04EC0-301F-11D3-BF4B-00C04F79EFBC}") = "Lesson_Cars", "Lesson_Cars\Lesson_Cars.csproj", "{8FC1BFCE-0A95-4E5B-8E42-1BCE9E92560C}"
EndProject
Project("{FAE04EC0-301F-11D3-BF4B-00C04F79EFBC}") = "UnitTestCars1", "UnitTestCars1\UnitTestCars1.csproj", "{704CBC95-C635-47A2-80CA-3E910634C5CF}"
EndProject
Global
	GlobalSection(SolutionConfigurationPlatforms) = preSolution
		Debug|Any CPU = Debug|Any CPU
		Release|Any CPU = Release|Any CPU
	EndGlobalSection
	GlobalSection(ProjectConfigurationPlatforms) = postSolution
		{8FC1BFCE-0A95-4E5B-8E42-1BCE9E92560C}.Debug|Any CPU.ActiveCfg = Debug|Any CPU
		{8FC1BFCE-0A95-4E5B-8E42-1BCE9E92560C}.Debug|Any CPU.Build.0 = Debug|Any CPU
		{8FC1BFCE-0A95-4E5B-8E42-1BCE9E92560C}.Release|Any CPU.ActiveCfg = Release|Any CPU
		{8FC1BFCE-0A95-4E5B-8E42-1BCE9E92560C}.Release|Any CPU.Build.0 = Release|Any CPU
		{704CBC95-C635-47A2-80CA-3E910634C5CF}.Debug|Any CPU.ActiveCfg = Debug|Any CPU
		{704CBC95-C635-47A2-80CA-3E910634C5CF}.Debug|Any CPU.Build.0 = Debug|Any CPU
		{704CBC95-C635-47A2-80CA-3E910634C5CF}.Release|Any CPU.ActiveCfg = Release|Any CPU
		{704CBC95-C635-47A2-80CA-3E910634C5CF}.Release|Any CPU.Build.0 = Release|Any CPU
	EndGlobalSection
	GlobalSection(SolutionProperties) = preSolution
		HideSolutionNode = FALSE
	EndGlobalSection
	GlobalSection(ExtensibilityGlobals) = postSolution
		SolutionGuid = {A3D82BEA-B8FD-4188-BEFE-AC1E4C02F6FA}
	EndGlobalSection
EndGlobal
